// !$*UTF8*$!
{
	archiveVersion = 1;
	classes = {
	};
	objectVersion = 56;
	objects = {

/* Begin PBXBuildFile section */
		CDA463782A8CBEB400DF5C13 /* SearchBooksApp.swift in Sources */ = {isa = PBXBuildFile; fileRef = CDA463772A8CBEB400DF5C13 /* SearchBooksApp.swift */; };
		CDA4637A2A8CBEB400DF5C13 /* ContentView.swift in Sources */ = {isa = PBXBuildFile; fileRef = CDA463792A8CBEB400DF5C13 /* ContentView.swift */; };
		CDA4637C2A8CBEB600DF5C13 /* Assets.xcassets in Resources */ = {isa = PBXBuildFile; fileRef = CDA4637B2A8CBEB600DF5C13 /* Assets.xcassets */; };
		CDA4637F2A8CBEB600DF5C13 /* Preview Assets.xcassets in Resources */ = {isa = PBXBuildFile; fileRef = CDA4637E2A8CBEB600DF5C13 /* Preview Assets.xcassets */; };
		CDA463872A8CBEE000DF5C13 /* BooksModel.swift in Sources */ = {isa = PBXBuildFile; fileRef = CDA463862A8CBEE000DF5C13 /* BooksModel.swift */; };
		CDA4638A2A8CBEFF00DF5C13 /* SearchManager.swift in Sources */ = {isa = PBXBuildFile; fileRef = CDA463892A8CBEFF00DF5C13 /* SearchManager.swift */; };
		CDA4638D2A8D041800DF5C13 /* SearchBar.swift in Sources */ = {isa = PBXBuildFile; fileRef = CDA4638C2A8D041800DF5C13 /* SearchBar.swift */; };
		CDA4638F2A8E052B00DF5C13 /* BookModel.swift in Sources */ = {isa = PBXBuildFile; fileRef = CDA4638E2A8E052B00DF5C13 /* BookModel.swift */; };
/* End PBXBuildFile section */

/* Begin PBXFileReference section */
		CDA463742A8CBEB400DF5C13 /* SearchBooks.app */ = {isa = PBXFileReference; explicitFileType = wrapper.application; includeInIndex = 0; path = SearchBooks.app; sourceTree = BUILT_PRODUCTS_DIR; };
		CDA463772A8CBEB400DF5C13 /* SearchBooksApp.swift */ = {isa = PBXFileReference; lastKnownFileType = sourcecode.swift; path = SearchBooksApp.swift; sourceTree = "<group>"; };
		CDA463792A8CBEB400DF5C13 /* ContentView.swift */ = {isa = PBXFileReference; lastKnownFileType = sourcecode.swift; path = ContentView.swift; sourceTree = "<group>"; };
		CDA4637B2A8CBEB600DF5C13 /* Assets.xcassets */ = {isa = PBXFileReference; lastKnownFileType = folder.assetcatalog; path = Assets.xcassets; sourceTree = "<group>"; };
		CDA4637E2A8CBEB600DF5C13 /* Preview Assets.xcassets */ = {isa = PBXFileReference; lastKnownFileType = folder.assetcatalog; path = "Preview Assets.xcassets"; sourceTree = "<group>"; };
		CDA463862A8CBEE000DF5C13 /* BooksModel.swift */ = {isa = PBXFileReference; lastKnownFileType = sourcecode.swift; path = BooksModel.swift; sourceTree = "<group>"; };
		CDA463892A8CBEFF00DF5C13 /* SearchManager.swift */ = {isa = PBXFileReference; lastKnownFileType = sourcecode.swift; path = SearchManager.swift; sourceTree = "<group>"; };
		CDA4638C2A8D041800DF5C13 /* SearchBar.swift */ = {isa = PBXFileReference; lastKnownFileType = sourcecode.swift; path = SearchBar.swift; sourceTree = "<group>"; };
		CDA4638E2A8E052B00DF5C13 /* BookModel.swift */ = {isa = PBXFileReference; lastKnownFileType = sourcecode.swift; path = BookModel.swift; sourceTree = "<group>"; };
/* End PBXFileReference section */

/* Begin PBXFrameworksBuildPhase section */
		CDA463712A8CBEB400DF5C13 /* Frameworks */ = {
			isa = PBXFrameworksBuildPhase;
			buildActionMask = 2147483647;
			files = (
			);
			runOnlyForDeploymentPostprocessing = 0;
		};
/* End PBXFrameworksBuildPhase section */

/* Begin PBXGroup section */
		CDA4636B2A8CBEB400DF5C13 = {
			isa = PBXGroup;
			children = (
				CDA463762A8CBEB400DF5C13 /* SearchBooks */,
				CDA463752A8CBEB400DF5C13 /* Products */,
			);
			sourceTree = "<group>";
		};
		CDA463752A8CBEB400DF5C13 /* Products */ = {
			isa = PBXGroup;
			children = (
				CDA463742A8CBEB400DF5C13 /* SearchBooks.app */,
			);
			name = Products;
			sourceTree = "<group>";
		};
		CDA463762A8CBEB400DF5C13 /* SearchBooks */ = {
			isa = PBXGroup;
			children = (
				CDA4638B2A8D040100DF5C13 /* Views */,
				CDA463882A8CBEEC00DF5C13 /* NetworkManager */,
				CDA463852A8CBEBF00DF5C13 /* Model */,
				CDA463772A8CBEB400DF5C13 /* SearchBooksApp.swift */,
				CDA4637B2A8CBEB600DF5C13 /* Assets.xcassets */,
				CDA4637D2A8CBEB600DF5C13 /* Preview Content */,
			);
			path = SearchBooks;
			sourceTree = "<group>";
		};
		CDA4637D2A8CBEB600DF5C13 /* Preview Content */ = {
			isa = PBXGroup;
			children = (
				CDA4637E2A8CBEB600DF5C13 /* Preview Assets.xcassets */,
			);
			path = "Preview Content";
			sourceTree = "<group>";
		};
		CDA463852A8CBEBF00DF5C13 /* Model */ = {
			isa = PBXGroup;
			children = (
				CDA463862A8CBEE000DF5C13 /* BooksModel.swift */,
				CDA4638E2A8E052B00DF5C13 /* BookModel.swift */,
			);
			path = Model;
			sourceTree = "<group>";
		};
		CDA463882A8CBEEC00DF5C13 /* NetworkManager */ = {
			isa = PBXGroup;
			children = (
				CDA463892A8CBEFF00DF5C13 /* SearchManager.swift */,
			);
			path = NetworkManager;
			sourceTree = "<group>";
		};
		CDA4638B2A8D040100DF5C13 /* Views */ = {
			isa = PBXGroup;
			children = (
				CDA463792A8CBEB400DF5C13 /* ContentView.swift */,
				CDA4638C2A8D041800DF5C13 /* SearchBar.swift */,
			);
			path = Views;
			sourceTree = "<group>";
		};
/* End PBXGroup section */

/* Begin PBXNativeTarget section */
		CDA463732A8CBEB400DF5C13 /* SearchBooks */ = {
			isa = PBXNativeTarget;
			buildConfigurationList = CDA463822A8CBEB600DF5C13 /* Build configuration list for PBXNativeTarget "SearchBooks" */;
			buildPhases = (
				CDA463702A8CBEB400DF5C13 /* Sources */,
				CDA463712A8CBEB400DF5C13 /* Frameworks */,
				CDA463722A8CBEB400DF5C13 /* Resources */,
			);
			buildRules = (
			);
			dependencies = (
			);
			name = SearchBooks;
			productName = SearchBooks;
			productReference = CDA463742A8CBEB400DF5C13 /* SearchBooks.app */;
			productType = "com.apple.product-type.application";
		};
/* End PBXNativeTarget section */

/* Begin PBXProject section */
		CDA4636C2A8CBEB400DF5C13 /* Project object */ = {
			isa = PBXProject;
			attributes = {
				BuildIndependentTargetsInParallel = 1;
				LastSwiftUpdateCheck = 1430;
				LastUpgradeCheck = 1430;
				TargetAttributes = {
					CDA463732A8CBEB400DF5C13 = {
						CreatedOnToolsVersion = 14.3.1;
					};
				};
			};
			buildConfigurationList = CDA4636F2A8CBEB400DF5C13 /* Build configuration list for PBXProject "SearchBooks" */;
			compatibilityVersion = "Xcode 14.0";
			developmentRegion = en;
			hasScannedForEncodings = 0;
			knownRegions = (
				en,
				Base,
			);
			mainGroup = CDA4636B2A8CBEB400DF5C13;
			productRefGroup = CDA463752A8CBEB400DF5C13 /* Products */;
			projectDirPath = "";
			projectRoot = "";
			targets = (
				CDA463732A8CBEB400DF5C13 /* SearchBooks */,
			);
		};
/* End PBXProject section */

/* Begin PBXResourcesBuildPhase section */
		CDA463722A8CBEB400DF5C13 /* Resources */ = {
			isa = PBXResourcesBuildPhase;
			buildActionMask = 2147483647;
			files = (
				CDA4637F2A8CBEB600DF5C13 /* Preview Assets.xcassets in Resources */,
				CDA4637C2A8CBEB600DF5C13 /* Assets.xcassets in Resources */,
			);
			runOnlyForDeploymentPostprocessing = 0;
		};
/* End PBXResourcesBuildPhase section */

/* Begin PBXSourcesBuildPhase section */
		CDA463702A8CBEB400DF5C13 /* Sources */ = {
			isa = PBXSourcesBuildPhase;
			buildActionMask = 2147483647;
			files = (
				CDA4638F2A8E052B00DF5C13 /* BookModel.swift in Sources */,
				CDA463872A8CBEE000DF5C13 /* BooksModel.swift in Sources */,
				CDA4637A2A8CBEB400DF5C13 /* ContentView.swift in Sources */,
				CDA4638D2A8D041800DF5C13 /* SearchBar.swift in Sources */,
				CDA463782A8CBEB400DF5C13 /* SearchBooksApp.swift in Sources */,
				CDA4638A2A8CBEFF00DF5C13 /* SearchManager.swift in Sources */,
			);
			runOnlyForDeploymentPostprocessing = 0;
		};
/* End PBXSourcesBuildPhase section */

/* Begin XCBuildConfiguration section */
		CDA463802A8CBEB600DF5C13 /* Debug */ = {
			isa = XCBuildConfiguration;
			buildSettings = {
				ALWAYS_SEARCH_USER_PATHS = NO;
				CLANG_ANALYZER_NONNULL = YES;
				CLANG_ANALYZER_NUMBER_OBJECT_CONVERSION = YES_AGGRESSIVE;
				CLANG_CXX_LANGUAGE_STANDARD = "gnu++20";
				CLANG_ENABLE_MODULES = YES;
				CLANG_ENABLE_OBJC_ARC = YES;
				CLANG_ENABLE_OBJC_WEAK = YES;
				CLANG_WARN_BLOCK_CAPTURE_AUTORELEASING = YES;
				CLANG_WARN_BOOL_CONVERSION = YES;
				CLANG_WARN_COMMA = YES;
				CLANG_WARN_CONSTANT_CONVERSION = YES;
				CLANG_WARN_DEPRECATED_OBJC_IMPLEMENTATIONS = YES;
				CLANG_WARN_DIRECT_OBJC_ISA_USAGE = YES_ERROR;
				CLANG_WARN_DOCUMENTATION_COMMENTS = YES;
				CLANG_WARN_EMPTY_BODY = YES;
				CLANG_WARN_ENUM_CONVERSION = YES;
				CLANG_WARN_INFINITE_RECURSION = YES;
				CLANG_WARN_INT_CONVERSION = YES;
				CLANG_WARN_NON_LITERAL_NULL_CONVERSION = YES;
				CLANG_WARN_OBJC_IMPLICIT_RETAIN_SELF = YES;
				CLANG_WARN_OBJC_LITERAL_CONVERSION = YES;
				CLANG_WARN_OBJC_ROOT_CLASS = YES_ERROR;
				CLANG_WARN_QUOTED_INCLUDE_IN_FRAMEWORK_HEADER = YES;
				CLANG_WARN_RANGE_LOOP_ANALYSIS = YES;
				CLANG_WARN_STRICT_PROTOTYPES = YES;
				CLANG_WARN_SUSPICIOUS_MOVE = YES;
				CLANG_WARN_UNGUARDED_AVAILABILITY = YES_AGGRESSIVE;
				CLANG_WARN_UNREACHABLE_CODE = YES;
				CLANG_WARN__DUPLICATE_METHOD_MATCH = YES;
				COPY_PHASE_STRIP = NO;
				DEBUG_INFORMATION_FORMAT = dwarf;
				ENABLE_STRICT_OBJC_MSGSEND = YES;
				ENABLE_TESTABILITY = YES;
				GCC_C_LANGUAGE_STANDARD = gnu11;
				GCC_DYNAMIC_NO_PIC = NO;
				GCC_NO_COMMON_BLOCKS = YES;
				GCC_OPTIMIZATION_LEVEL = 0;
				GCC_PREPROCESSOR_DEFINITIONS = (
					"DEBUG=1",
					"$(inherited)",
				);
				GCC_WARN_64_TO_32_BIT_CONVERSION = YES;
				GCC_WARN_ABOUT_RETURN_TYPE = YES_ERROR;
				GCC_WARN_UNDECLARED_SELECTOR = YES;
				GCC_WARN_UNINITIALIZED_AUTOS = YES_AGGRESSIVE;
				GCC_WARN_UNUSED_FUNCTION = YES;
				GCC_WARN_UNUSED_VARIABLE = YES;
				IPHONEOS_DEPLOYMENT_TARGET = 16.4;
				MTL_ENABLE_DEBUG_INFO = INCLUDE_SOURCE;
				MTL_FAST_MATH = YES;
				ONLY_ACTIVE_ARCH = YES;
				SDKROOT = iphoneos;
				SWIFT_ACTIVE_COMPILATION_CONDITIONS = DEBUG;
				SWIFT_OPTIMIZATION_LEVEL = "-Onone";
			};
			name = Debug;
		};
		CDA463812A8CBEB600DF5C13 /* Release */ = {
			isa = XCBuildConfiguration;
			buildSettings = {
				ALWAYS_SEARCH_USER_PATHS = NO;
				CLANG_ANALYZER_NONNULL = YES;
				CLANG_ANALYZER_NUMBER_OBJECT_CONVERSION = YES_AGGRESSIVE;
				CLANG_CXX_LANGUAGE_STANDARD = "gnu++20";
				CLANG_ENABLE_MODULES = YES;
				CLANG_ENABLE_OBJC_ARC = YES;
				CLANG_ENABLE_OBJC_WEAK = YES;
				CLANG_WARN_BLOCK_CAPTURE_AUTORELEASING = YES;
				CLANG_WARN_BOOL_CONVERSION = YES;
				CLANG_WARN_COMMA = YES;
				CLANG_WARN_CONSTANT_CONVERSION = YES;
				CLANG_WARN_DEPRECATED_OBJC_IMPLEMENTATIONS = YES;
				CLANG_WARN_DIRECT_OBJC_ISA_USAGE = YES_ERROR;
				CLANG_WARN_DOCUMENTATION_COMMENTS = YES;
				CLANG_WARN_EMPTY_BODY = YES;
				CLANG_WARN_ENUM_CONVERSION = YES;
				CLANG_WARN_INFINITE_RECURSION = YES;
				CLANG_WARN_INT_CONVERSION = YES;
				CLANG_WARN_NON_LITERAL_NULL_CONVERSION = YES;
				CLANG_WARN_OBJC_IMPLICIT_RETAIN_SELF = YES;
				CLANG_WARN_OBJC_LITERAL_CONVERSION = YES;
				CLANG_WARN_OBJC_ROOT_CLASS = YES_ERROR;
				CLANG_WARN_QUOTED_INCLUDE_IN_FRAMEWORK_HEADER = YES;
				CLANG_WARN_RANGE_LOOP_ANALYSIS = YES;
				CLANG_WARN_STRICT_PROTOTYPES = YES;
				CLANG_WARN_SUSPICIOUS_MOVE = YES;
				CLANG_WARN_UNGUARDED_AVAILABILITY = YES_AGGRESSIVE;
				CLANG_WARN_UNREACHABLE_CODE = YES;
				CLANG_WARN__DUPLICATE_METHOD_MATCH = YES;
				COPY_PHASE_STRIP = NO;
				DEBUG_INFORMATION_FORMAT = "dwarf-with-dsym";
				ENABLE_NS_ASSERTIONS = NO;
				ENABLE_STRICT_OBJC_MSGSEND = YES;
				GCC_C_LANGUAGE_STANDARD = gnu11;
				GCC_NO_COMMON_BLOCKS = YES;
				GCC_WARN_64_TO_32_BIT_CONVERSION = YES;
				GCC_WARN_ABOUT_RETURN_TYPE = YES_ERROR;
				GCC_WARN_UNDECLARED_SELECTOR = YES;
				GCC_WARN_UNINITIALIZED_AUTOS = YES_AGGRESSIVE;
				GCC_WARN_UNUSED_FUNCTION = YES;
				GCC_WARN_UNUSED_VARIABLE = YES;
				IPHONEOS_DEPLOYMENT_TARGET = 16.4;
				MTL_ENABLE_DEBUG_INFO = NO;
				MTL_FAST_MATH = YES;
				SDKROOT = iphoneos;
				SWIFT_COMPILATION_MODE = wholemodule;
				SWIFT_OPTIMIZATION_LEVEL = "-O";
				VALIDATE_PRODUCT = YES;
			};
			name = Release;
		};
		CDA463832A8CBEB600DF5C13 /* Debug */ = {
			isa = XCBuildConfiguration;
			buildSettings = {
				ASSETCATALOG_COMPILER_APPICON_NAME = AppIcon;
				ASSETCATALOG_COMPILER_GLOBAL_ACCENT_COLOR_NAME = AccentColor;
				CODE_SIGN_STYLE = Automatic;
				CURRENT_PROJECT_VERSION = 1;
				DEVELOPMENT_ASSET_PATHS = "\"SearchBooks/Preview Content\"";
				ENABLE_PREVIEWS = YES;
				GENERATE_INFOPLIST_FILE = YES;
				INFOPLIST_KEY_UIApplicationSceneManifest_Generation = YES;
				INFOPLIST_KEY_UIApplicationSupportsIndirectInputEvents = YES;
				INFOPLIST_KEY_UILaunchScreen_Generation = YES;
				INFOPLIST_KEY_UISupportedInterfaceOrientations_iPad = "UIInterfaceOrientationPortrait UIInterfaceOrientationPortraitUpsideDown UIInterfaceOrientationLandscapeLeft UIInterfaceOrientationLandscapeRight";
				INFOPLIST_KEY_UISupportedInterfaceOrientations_iPhone = "UIInterfaceOrientationPortrait UIInterfaceOrientationLandscapeLeft UIInterfaceOrientationLandscapeRight";
				LD_RUNPATH_SEARCH_PATHS = (
					"$(inherited)",
					"@executable_path/Frameworks",
				);
				MARKETING_VERSION = 1.0;
				PRODUCT_BUNDLE_IDENTIFIER = makape.com.SearchBooks;
				PRODUCT_NAME = "$(TARGET_NAME)";
				SWIFT_EMIT_LOC_STRINGS = YES;
				SWIFT_VERSION = 5.0;
				TARGETED_DEVICE_FAMILY = "1,2";
			};
			name = Debug;
		};
		CDA463842A8CBEB600DF5C13 /* Release */ = {
			isa = XCBuildConfiguration;
			buildSettings = {
				ASSETCATALOG_COMPILER_APPICON_NAME = AppIcon;
				ASSETCATALOG_COMPILER_GLOBAL_ACCENT_COLOR_NAME = AccentColor;
				CODE_SIGN_STYLE = Automatic;
				CURRENT_PROJECT_VERSION = 1;
				DEVELOPMENT_ASSET_PATHS = "\"SearchBooks/Preview Content\"";
				ENABLE_PREVIEWS = YES;
				GENERATE_INFOPLIST_FILE = YES;
				INFOPLIST_KEY_UIApplicationSceneManifest_Generation = YES;
				INFOPLIST_KEY_UIApplicationSupportsIndirectInputEvents = YES;
				INFOPLIST_KEY_UILaunchScreen_Generation = YES;
				INFOPLIST_KEY_UISupportedInterfaceOrientations_iPad = "UIInterfaceOrientationPortrait UIInterfaceOrientationPortraitUpsideDown UIInterfaceOrientationLandscapeLeft UIInterfaceOrientationLandscapeRight";
				INFOPLIST_KEY_UISupportedInterfaceOrientations_iPhone = "UIInterfaceOrientationPortrait UIInterfaceOrientationLandscapeLeft UIInterfaceOrientationLandscapeRight";
				LD_RUNPATH_SEARCH_PATHS = (
					"$(inherited)",
					"@executable_path/Frameworks",
				);
				MARKETING_VERSION = 1.0;
				PRODUCT_BUNDLE_IDENTIFIER = makape.com.SearchBooks;
				PRODUCT_NAME = "$(TARGET_NAME)";
				SWIFT_EMIT_LOC_STRINGS = YES;
				SWIFT_VERSION = 5.0;
				TARGETED_DEVICE_FAMILY = "1,2";
			};
			name = Release;
		};
/* End XCBuildConfiguration section */

/* Begin XCConfigurationList section */
		CDA4636F2A8CBEB400DF5C13 /* Build configuration list for PBXProject "SearchBooks" */ = {
			isa = XCConfigurationList;
			buildConfigurations = (
				CDA463802A8CBEB600DF5C13 /* Debug */,
				CDA463812A8CBEB600DF5C13 /* Release */,
			);
			defaultConfigurationIsVisible = 0;
			defaultConfigurationName = Release;
		};
		CDA463822A8CBEB600DF5C13 /* Build configuration list for PBXNativeTarget "SearchBooks" */ = {
			isa = XCConfigurationList;
			buildConfigurations = (
				CDA463832A8CBEB600DF5C13 /* Debug */,
				CDA463842A8CBEB600DF5C13 /* Release */,
			);
			defaultConfigurationIsVisible = 0;
			defaultConfigurationName = Release;
		};
/* End XCConfigurationList section */
	};
	rootObject = CDA4636C2A8CBEB400DF5C13 /* Project object */;
}
